// !$*UTF8*$!
{
	archiveVersion = 1;
	classes = {
	};
	objectVersion = 56;
	objects = {

/* Begin PBXBuildFile section */
		6AF080EC2AAACC00007810B8 /* DaiQiOSApp.swift in Sources */ = {isa = PBXBuildFile; fileRef = 6AF080EB2AAACC00007810B8 /* DaiQiOSApp.swift */; };
		6AF080F02AAACC02007810B8 /* Assets.xcassets in Resources */ = {isa = PBXBuildFile; fileRef = 6AF080EF2AAACC02007810B8 /* Assets.xcassets */; };
		6AF080F32AAACC02007810B8 /* Preview Assets.xcassets in Resources */ = {isa = PBXBuildFile; fileRef = 6AF080F22AAACC02007810B8 /* Preview Assets.xcassets */; };
		6AF080FD2AAACC02007810B8 /* DaiQiOSTests.swift in Sources */ = {isa = PBXBuildFile; fileRef = 6AF080FC2AAACC02007810B8 /* DaiQiOSTests.swift */; };
		6E3A52AC2AC4135400B70BD0 /* ListViewModel.swift in Sources */ = {isa = PBXBuildFile; fileRef = 6E3A52AB2AC4135400B70BD0 /* ListViewModel.swift */; };
		6E3A52AE2AC4269400B70BD0 /* AddTaskViewModel.swift in Sources */ = {isa = PBXBuildFile; fileRef = 6E3A52AD2AC4269400B70BD0 /* AddTaskViewModel.swift */; };
		6E3A52B32AC42ABF00B70BD0 /* EditTaskViewModel.swift in Sources */ = {isa = PBXBuildFile; fileRef = 6E3A52B22AC42ABF00B70BD0 /* EditTaskViewModel.swift */; };
		6E4209E32AD0FCE40047DFFE /* EditTask.swift in Sources */ = {isa = PBXBuildFile; fileRef = 6ED4A3892AAECAB80015644D /* EditTask.swift */; };
		6E4209E82AD1393F0047DFFE /* FirebaseAnalytics in Frameworks */ = {isa = PBXBuildFile; productRef = 6E4209E72AD1393F0047DFFE /* FirebaseAnalytics */; };
		6E4209EA2AD1393F0047DFFE /* FirebaseAnalyticsSwift in Frameworks */ = {isa = PBXBuildFile; productRef = 6E4209E92AD1393F0047DFFE /* FirebaseAnalyticsSwift */; };
		6E4209ED2AD13F300047DFFE /* FirebaseAuth in Frameworks */ = {isa = PBXBuildFile; productRef = 6E4209EC2AD13F300047DFFE /* FirebaseAuth */; };
		6E4209F02AD13FD30047DFFE /* AuthenticationView.swift in Sources */ = {isa = PBXBuildFile; fileRef = 6E4209EF2AD13FD30047DFFE /* AuthenticationView.swift */; };
		6E4209F22AD142BE0047DFFE /* SignInEmailView.swift in Sources */ = {isa = PBXBuildFile; fileRef = 6E4209F12AD142BE0047DFFE /* SignInEmailView.swift */; };
		6E559BD22AD50756006A80D4 /* RootView.swift in Sources */ = {isa = PBXBuildFile; fileRef = 6E559BD12AD50756006A80D4 /* RootView.swift */; };
		6E559BD42AD50B19006A80D4 /* SettingView.swift in Sources */ = {isa = PBXBuildFile; fileRef = 6E559BD32AD50B19006A80D4 /* SettingView.swift */; };
		6E559BD72AD65626006A80D4 /* GoogleSignIn in Frameworks */ = {isa = PBXBuildFile; productRef = 6E559BD62AD65626006A80D4 /* GoogleSignIn */; };
		6E559BD92AD65626006A80D4 /* GoogleSignInSwift in Frameworks */ = {isa = PBXBuildFile; productRef = 6E559BD82AD65626006A80D4 /* GoogleSignInSwift */; };
		6E559BDE2AD65A98006A80D4 /* GoogleService-Info.plist in Resources */ = {isa = PBXBuildFile; fileRef = 6E559BDD2AD65A98006A80D4 /* GoogleService-Info.plist */; };
		6E559BE22AD6610F006A80D4 /* Utilities.swift in Sources */ = {isa = PBXBuildFile; fileRef = 6E559BE12AD6610F006A80D4 /* Utilities.swift */; };
		6E559BE42AD69747006A80D4 /* SignInGoogleHelper.swift in Sources */ = {isa = PBXBuildFile; fileRef = 6E559BE32AD69747006A80D4 /* SignInGoogleHelper.swift */; };
		6ED261052AB95AB100F711A7 /* AddTask.swift in Sources */ = {isa = PBXBuildFile; fileRef = 6ED261042AB95AB100F711A7 /* AddTask.swift */; };
		6ED4A3862AAEC5D20015644D /* TaskCell.swift in Sources */ = {isa = PBXBuildFile; fileRef = 6ED4A3852AAEC5D20015644D /* TaskCell.swift */; };
		6ED4A3882AAEC68A0015644D /* CheckListItem.swift in Sources */ = {isa = PBXBuildFile; fileRef = 6ED4A3872AAEC68A0015644D /* CheckListItem.swift */; };
		6EEBA7152ACFF78A003FE5F0 /* AuthenticationManager.swift in Sources */ = {isa = PBXBuildFile; fileRef = 6EEBA7142ACFF78A003FE5F0 /* AuthenticationManager.swift */; };
		6EF298942AAAD5FD008EFFAB /* Todaychecklist.swift in Sources */ = {isa = PBXBuildFile; fileRef = 6EF298932AAAD5FD008EFFAB /* Todaychecklist.swift */; };
/* End PBXBuildFile section */

/* Begin PBXContainerItemProxy section */
		6AF080F92AAACC02007810B8 /* PBXContainerItemProxy */ = {
			isa = PBXContainerItemProxy;
			containerPortal = 6AF080E02AAACC00007810B8 /* Project object */;
			proxyType = 1;
			remoteGlobalIDString = 6AF080E72AAACC00007810B8;
			remoteInfo = DaiQiOS;
		};
/* End PBXContainerItemProxy section */

/* Begin PBXFileReference section */
		6AF080E82AAACC00007810B8 /* DaiQiOS.app */ = {isa = PBXFileReference; explicitFileType = wrapper.application; includeInIndex = 0; path = DaiQiOS.app; sourceTree = BUILT_PRODUCTS_DIR; };
		6AF080EB2AAACC00007810B8 /* DaiQiOSApp.swift */ = {isa = PBXFileReference; lastKnownFileType = sourcecode.swift; path = DaiQiOSApp.swift; sourceTree = "<group>"; };
		6AF080EF2AAACC02007810B8 /* Assets.xcassets */ = {isa = PBXFileReference; lastKnownFileType = folder.assetcatalog; path = Assets.xcassets; sourceTree = "<group>"; };
		6AF080F22AAACC02007810B8 /* Preview Assets.xcassets */ = {isa = PBXFileReference; lastKnownFileType = folder.assetcatalog; path = "Preview Assets.xcassets"; sourceTree = "<group>"; };
		6AF080F82AAACC02007810B8 /* DaiQiOSTests.xctest */ = {isa = PBXFileReference; explicitFileType = wrapper.cfbundle; includeInIndex = 0; path = DaiQiOSTests.xctest; sourceTree = BUILT_PRODUCTS_DIR; };
		6AF080FC2AAACC02007810B8 /* DaiQiOSTests.swift */ = {isa = PBXFileReference; lastKnownFileType = sourcecode.swift; path = DaiQiOSTests.swift; sourceTree = "<group>"; };
		6E3A52AB2AC4135400B70BD0 /* ListViewModel.swift */ = {isa = PBXFileReference; lastKnownFileType = sourcecode.swift; path = ListViewModel.swift; sourceTree = "<group>"; };
		6E3A52AD2AC4269400B70BD0 /* AddTaskViewModel.swift */ = {isa = PBXFileReference; lastKnownFileType = sourcecode.swift; path = AddTaskViewModel.swift; sourceTree = "<group>"; };
		6E3A52B22AC42ABF00B70BD0 /* EditTaskViewModel.swift */ = {isa = PBXFileReference; lastKnownFileType = sourcecode.swift; path = EditTaskViewModel.swift; sourceTree = "<group>"; };
		6E4209EF2AD13FD30047DFFE /* AuthenticationView.swift */ = {isa = PBXFileReference; lastKnownFileType = sourcecode.swift; path = AuthenticationView.swift; sourceTree = "<group>"; };
		6E4209F12AD142BE0047DFFE /* SignInEmailView.swift */ = {isa = PBXFileReference; lastKnownFileType = sourcecode.swift; path = SignInEmailView.swift; sourceTree = "<group>"; };
		6E559BD12AD50756006A80D4 /* RootView.swift */ = {isa = PBXFileReference; lastKnownFileType = sourcecode.swift; path = RootView.swift; sourceTree = "<group>"; };
		6E559BD32AD50B19006A80D4 /* SettingView.swift */ = {isa = PBXFileReference; lastKnownFileType = sourcecode.swift; path = SettingView.swift; sourceTree = "<group>"; };
		6E559BDC2AD65A11006A80D4 /* Info.plist */ = {isa = PBXFileReference; lastKnownFileType = text.plist; path = Info.plist; sourceTree = "<group>"; };
		6E559BDD2AD65A98006A80D4 /* GoogleService-Info.plist */ = {isa = PBXFileReference; fileEncoding = 4; lastKnownFileType = text.plist.xml; path = "GoogleService-Info.plist"; sourceTree = "<group>"; };
		6E559BE12AD6610F006A80D4 /* Utilities.swift */ = {isa = PBXFileReference; lastKnownFileType = sourcecode.swift; path = Utilities.swift; sourceTree = "<group>"; };
		6E559BE32AD69747006A80D4 /* SignInGoogleHelper.swift */ = {isa = PBXFileReference; lastKnownFileType = sourcecode.swift; path = SignInGoogleHelper.swift; sourceTree = "<group>"; };
		6E7414842ADF804F00E0E6FB /* DaiQiOS.entitlements */ = {isa = PBXFileReference; lastKnownFileType = text.plist.entitlements; path = DaiQiOS.entitlements; sourceTree = "<group>"; };
		6ED261042AB95AB100F711A7 /* AddTask.swift */ = {isa = PBXFileReference; lastKnownFileType = sourcecode.swift; path = AddTask.swift; sourceTree = "<group>"; };
		6ED4A3852AAEC5D20015644D /* TaskCell.swift */ = {isa = PBXFileReference; lastKnownFileType = sourcecode.swift; path = TaskCell.swift; sourceTree = "<group>"; };
		6ED4A3872AAEC68A0015644D /* CheckListItem.swift */ = {isa = PBXFileReference; lastKnownFileType = sourcecode.swift; path = CheckListItem.swift; sourceTree = "<group>"; };
		6ED4A3892AAECAB80015644D /* EditTask.swift */ = {isa = PBXFileReference; lastKnownFileType = sourcecode.swift; path = EditTask.swift; sourceTree = "<group>"; };
		6EEBA7142ACFF78A003FE5F0 /* AuthenticationManager.swift */ = {isa = PBXFileReference; lastKnownFileType = sourcecode.swift; path = AuthenticationManager.swift; sourceTree = "<group>"; };
		6EF298932AAAD5FD008EFFAB /* Todaychecklist.swift */ = {isa = PBXFileReference; fileEncoding = 4; lastKnownFileType = sourcecode.swift; path = Todaychecklist.swift; sourceTree = "<group>"; };
/* End PBXFileReference section */

/* Begin PBXFrameworksBuildPhase section */
		6AF080E52AAACC00007810B8 /* Frameworks */ = {
			isa = PBXFrameworksBuildPhase;
			buildActionMask = 2147483647;
			files = (
				6E559BD92AD65626006A80D4 /* GoogleSignInSwift in Frameworks */,
				6E4209EA2AD1393F0047DFFE /* FirebaseAnalyticsSwift in Frameworks */,
				6E559BD72AD65626006A80D4 /* GoogleSignIn in Frameworks */,
				6E4209ED2AD13F300047DFFE /* FirebaseAuth in Frameworks */,
				6E4209E82AD1393F0047DFFE /* FirebaseAnalytics in Frameworks */,
			);
			runOnlyForDeploymentPostprocessing = 0;
		};
		6AF080F52AAACC02007810B8 /* Frameworks */ = {
			isa = PBXFrameworksBuildPhase;
			buildActionMask = 2147483647;
			files = (
			);
			runOnlyForDeploymentPostprocessing = 0;
		};
/* End PBXFrameworksBuildPhase section */

/* Begin PBXGroup section */
		6AF080DF2AAACC00007810B8 = {
			isa = PBXGroup;
			children = (
				6AF080EA2AAACC00007810B8 /* DaiQiOS */,
				6AF080FB2AAACC02007810B8 /* DaiQiOSTests */,
				6AF080E92AAACC00007810B8 /* Products */,
				6E4209EB2AD13F300047DFFE /* Frameworks */,
			);
			sourceTree = "<group>";
		};
		6AF080E92AAACC00007810B8 /* Products */ = {
			isa = PBXGroup;
			children = (
				6AF080E82AAACC00007810B8 /* DaiQiOS.app */,
				6AF080F82AAACC02007810B8 /* DaiQiOSTests.xctest */,
			);
			name = Products;
			sourceTree = "<group>";
		};
		6AF080EA2AAACC00007810B8 /* DaiQiOS */ = {
			isa = PBXGroup;
			children = (
				6E7414842ADF804F00E0E6FB /* DaiQiOS.entitlements */,
				6E559BDC2AD65A11006A80D4 /* Info.plist */,
				6E4209EE2AD13FA80047DFFE /* Authentication */,
				6ED4A3892AAECAB80015644D /* EditTask.swift */,
				6ED261042AB95AB100F711A7 /* AddTask.swift */,
				6ED4A3872AAEC68A0015644D /* CheckListItem.swift */,
				6E559BE02AD660E5006A80D4 /* Ultilities */,
				6ED4A3852AAEC5D20015644D /* TaskCell.swift */,
				6EF298932AAAD5FD008EFFAB /* Todaychecklist.swift */,
				6E3A52AF2AC426BE00B70BD0 /* ViewModel */,
				6AF080EB2AAACC00007810B8 /* DaiQiOSApp.swift */,
				6AF080EF2AAACC02007810B8 /* Assets.xcassets */,
				6AF080F12AAACC02007810B8 /* Preview Content */,
			);
			path = DaiQiOS;
			sourceTree = "<group>";
		};
		6AF080F12AAACC02007810B8 /* Preview Content */ = {
			isa = PBXGroup;
			children = (
				6AF080F22AAACC02007810B8 /* Preview Assets.xcassets */,
			);
			path = "Preview Content";
			sourceTree = "<group>";
		};
		6AF080FB2AAACC02007810B8 /* DaiQiOSTests */ = {
			isa = PBXGroup;
			children = (
				6AF080FC2AAACC02007810B8 /* DaiQiOSTests.swift */,
			);
			path = DaiQiOSTests;
			sourceTree = "<group>";
		};
		6E3A52AF2AC426BE00B70BD0 /* ViewModel */ = {
			isa = PBXGroup;
			children = (
				6E3A52AD2AC4269400B70BD0 /* AddTaskViewModel.swift */,
				6E3A52AB2AC4135400B70BD0 /* ListViewModel.swift */,
				6E3A52B22AC42ABF00B70BD0 /* EditTaskViewModel.swift */,
			);
			path = ViewModel;
			sourceTree = "<group>";
		};
		6E4209EB2AD13F300047DFFE /* Frameworks */ = {
			isa = PBXGroup;
			children = (
			);
			name = Frameworks;
			sourceTree = "<group>";
		};
		6E4209EE2AD13FA80047DFFE /* Authentication */ = {
			isa = PBXGroup;
			children = (
				6E4209EF2AD13FD30047DFFE /* AuthenticationView.swift */,
				6E4209F12AD142BE0047DFFE /* SignInEmailView.swift */,
				6E559BE32AD69747006A80D4 /* SignInGoogleHelper.swift */,
				6EEBA7142ACFF78A003FE5F0 /* AuthenticationManager.swift */,
				6E559BD12AD50756006A80D4 /* RootView.swift */,
				6E559BD32AD50B19006A80D4 /* SettingView.swift */,
			);
			path = Authentication;
			sourceTree = "<group>";
		};
		6E559BE02AD660E5006A80D4 /* Ultilities */ = {
			isa = PBXGroup;
			children = (
				6E559BE12AD6610F006A80D4 /* Utilities.swift */,
				6E559BDD2AD65A98006A80D4 /* GoogleService-Info.plist */,
			);
			path = Ultilities;
			sourceTree = "<group>";
		};
/* End PBXGroup section */

/* Begin PBXNativeTarget section */
		6AF080E72AAACC00007810B8 /* DaiQiOS */ = {
			isa = PBXNativeTarget;
			buildConfigurationList = 6AF0810C2AAACC02007810B8 /* Build configuration list for PBXNativeTarget "DaiQiOS" */;
			buildPhases = (
				6AF080E42AAACC00007810B8 /* Sources */,
				6AF080E52AAACC00007810B8 /* Frameworks */,
				6AF080E62AAACC00007810B8 /* Resources */,
			);
			buildRules = (
			);
			dependencies = (
			);
			name = DaiQiOS;
			packageProductDependencies = (
				6E4209E72AD1393F0047DFFE /* FirebaseAnalytics */,
				6E4209E92AD1393F0047DFFE /* FirebaseAnalyticsSwift */,
				6E4209EC2AD13F300047DFFE /* FirebaseAuth */,
				6E559BD62AD65626006A80D4 /* GoogleSignIn */,
				6E559BD82AD65626006A80D4 /* GoogleSignInSwift */,
			);
			productName = DaiQiOS;
			productReference = 6AF080E82AAACC00007810B8 /* DaiQiOS.app */;
			productType = "com.apple.product-type.application";
		};
		6AF080F72AAACC02007810B8 /* DaiQiOSTests */ = {
			isa = PBXNativeTarget;
			buildConfigurationList = 6AF0810F2AAACC02007810B8 /* Build configuration list for PBXNativeTarget "DaiQiOSTests" */;
			buildPhases = (
				6AF080F42AAACC02007810B8 /* Sources */,
				6AF080F52AAACC02007810B8 /* Frameworks */,
				6AF080F62AAACC02007810B8 /* Resources */,
			);
			buildRules = (
			);
			dependencies = (
				6AF080FA2AAACC02007810B8 /* PBXTargetDependency */,
			);
			name = DaiQiOSTests;
			productName = DaiQiOSTests;
			productReference = 6AF080F82AAACC02007810B8 /* DaiQiOSTests.xctest */;
			productType = "com.apple.product-type.bundle.unit-test";
		};
/* End PBXNativeTarget section */

/* Begin PBXProject section */
		6AF080E02AAACC00007810B8 /* Project object */ = {
			isa = PBXProject;
			attributes = {
				BuildIndependentTargetsInParallel = 1;
				LastSwiftUpdateCheck = 1430;
				LastUpgradeCheck = 1430;
				TargetAttributes = {
					6AF080E72AAACC00007810B8 = {
						CreatedOnToolsVersion = 14.3.1;
					};
					6AF080F72AAACC02007810B8 = {
						CreatedOnToolsVersion = 14.3.1;
						TestTargetID = 6AF080E72AAACC00007810B8;
					};
				};
			};
			buildConfigurationList = 6AF080E32AAACC00007810B8 /* Build configuration list for PBXProject "DaiQiOS" */;
			compatibilityVersion = "Xcode 14.0";
			developmentRegion = en;
			hasScannedForEncodings = 0;
			knownRegions = (
				en,
				Base,
			);
			mainGroup = 6AF080DF2AAACC00007810B8;
			packageReferences = (
				6E4209E62AD1393F0047DFFE /* XCRemoteSwiftPackageReference "firebase-ios-sdk" */,
				6E559BD52AD65626006A80D4 /* XCRemoteSwiftPackageReference "GoogleSignIn-iOS" */,
			);
			productRefGroup = 6AF080E92AAACC00007810B8 /* Products */;
			projectDirPath = "";
			projectRoot = "";
			targets = (
				6AF080E72AAACC00007810B8 /* DaiQiOS */,
				6AF080F72AAACC02007810B8 /* DaiQiOSTests */,
			);
		};
/* End PBXProject section */

/* Begin PBXResourcesBuildPhase section */
		6AF080E62AAACC00007810B8 /* Resources */ = {
			isa = PBXResourcesBuildPhase;
			buildActionMask = 2147483647;
			files = (
				6AF080F32AAACC02007810B8 /* Preview Assets.xcassets in Resources */,
				6E559BDE2AD65A98006A80D4 /* GoogleService-Info.plist in Resources */,
				6AF080F02AAACC02007810B8 /* Assets.xcassets in Resources */,
			);
			runOnlyForDeploymentPostprocessing = 0;
		};
		6AF080F62AAACC02007810B8 /* Resources */ = {
			isa = PBXResourcesBuildPhase;
			buildActionMask = 2147483647;
			files = (
			);
			runOnlyForDeploymentPostprocessing = 0;
		};
/* End PBXResourcesBuildPhase section */

/* Begin PBXSourcesBuildPhase section */
		6AF080E42AAACC00007810B8 /* Sources */ = {
			isa = PBXSourcesBuildPhase;
			buildActionMask = 2147483647;
			files = (
				6EF298942AAAD5FD008EFFAB /* Todaychecklist.swift in Sources */,
				6E3A52AE2AC4269400B70BD0 /* AddTaskViewModel.swift in Sources */,
				6AF080EC2AAACC00007810B8 /* DaiQiOSApp.swift in Sources */,
				6E559BE22AD6610F006A80D4 /* Utilities.swift in Sources */,
				6E559BD42AD50B19006A80D4 /* SettingView.swift in Sources */,
				6E3A52AC2AC4135400B70BD0 /* ListViewModel.swift in Sources */,
				6E4209F02AD13FD30047DFFE /* AuthenticationView.swift in Sources */,
				6E3A52B32AC42ABF00B70BD0 /* EditTaskViewModel.swift in Sources */,
				6E559BE42AD69747006A80D4 /* SignInGoogleHelper.swift in Sources */,
				6E4209F22AD142BE0047DFFE /* SignInEmailView.swift in Sources */,
				6ED4A3882AAEC68A0015644D /* CheckListItem.swift in Sources */,
				6ED4A3862AAEC5D20015644D /* TaskCell.swift in Sources */,
				6E559BD22AD50756006A80D4 /* RootView.swift in Sources */,
				6EEBA7152ACFF78A003FE5F0 /* AuthenticationManager.swift in Sources */,
				6ED261052AB95AB100F711A7 /* AddTask.swift in Sources */,
				6E4209E32AD0FCE40047DFFE /* EditTask.swift in Sources */,
			);
			runOnlyForDeploymentPostprocessing = 0;
		};
		6AF080F42AAACC02007810B8 /* Sources */ = {
			isa = PBXSourcesBuildPhase;
			buildActionMask = 2147483647;
			files = (
				6AF080FD2AAACC02007810B8 /* DaiQiOSTests.swift in Sources */,
			);
			runOnlyForDeploymentPostprocessing = 0;
		};
/* End PBXSourcesBuildPhase section */

/* Begin PBXTargetDependency section */
		6AF080FA2AAACC02007810B8 /* PBXTargetDependency */ = {
			isa = PBXTargetDependency;
			target = 6AF080E72AAACC00007810B8 /* DaiQiOS */;
			targetProxy = 6AF080F92AAACC02007810B8 /* PBXContainerItemProxy */;
		};
/* End PBXTargetDependency section */

/* Begin XCBuildConfiguration section */
		6AF0810A2AAACC02007810B8 /* Debug */ = {
			isa = XCBuildConfiguration;
			buildSettings = {
				ALWAYS_SEARCH_USER_PATHS = NO;
				CLANG_ANALYZER_NONNULL = YES;
				CLANG_ANALYZER_NUMBER_OBJECT_CONVERSION = YES_AGGRESSIVE;
				CLANG_CXX_LANGUAGE_STANDARD = "gnu++20";
				CLANG_ENABLE_MODULES = YES;
				CLANG_ENABLE_OBJC_ARC = YES;
				CLANG_ENABLE_OBJC_WEAK = YES;
				CLANG_WARN_BLOCK_CAPTURE_AUTORELEASING = YES;
				CLANG_WARN_BOOL_CONVERSION = YES;
				CLANG_WARN_COMMA = YES;
				CLANG_WARN_CONSTANT_CONVERSION = YES;
				CLANG_WARN_DEPRECATED_OBJC_IMPLEMENTATIONS = YES;
				CLANG_WARN_DIRECT_OBJC_ISA_USAGE = YES_ERROR;
				CLANG_WARN_DOCUMENTATION_COMMENTS = YES;
				CLANG_WARN_EMPTY_BODY = YES;
				CLANG_WARN_ENUM_CONVERSION = YES;
				CLANG_WARN_INFINITE_RECURSION = YES;
				CLANG_WARN_INT_CONVERSION = YES;
				CLANG_WARN_NON_LITERAL_NULL_CONVERSION = YES;
				CLANG_WARN_OBJC_IMPLICIT_RETAIN_SELF = YES;
				CLANG_WARN_OBJC_LITERAL_CONVERSION = YES;
				CLANG_WARN_OBJC_ROOT_CLASS = YES_ERROR;
				CLANG_WARN_QUOTED_INCLUDE_IN_FRAMEWORK_HEADER = YES;
				CLANG_WARN_RANGE_LOOP_ANALYSIS = YES;
				CLANG_WARN_STRICT_PROTOTYPES = YES;
				CLANG_WARN_SUSPICIOUS_MOVE = YES;
				CLANG_WARN_UNGUARDED_AVAILABILITY = YES_AGGRESSIVE;
				CLANG_WARN_UNREACHABLE_CODE = YES;
				CLANG_WARN__DUPLICATE_METHOD_MATCH = YES;
				COPY_PHASE_STRIP = NO;
				DEBUG_INFORMATION_FORMAT = dwarf;
				ENABLE_STRICT_OBJC_MSGSEND = YES;
				ENABLE_TESTABILITY = YES;
				GCC_C_LANGUAGE_STANDARD = gnu11;
				GCC_DYNAMIC_NO_PIC = NO;
				GCC_NO_COMMON_BLOCKS = YES;
				GCC_OPTIMIZATION_LEVEL = 0;
				GCC_PREPROCESSOR_DEFINITIONS = (
					"DEBUG=1",
					"$(inherited)",
				);
				GCC_WARN_64_TO_32_BIT_CONVERSION = YES;
				GCC_WARN_ABOUT_RETURN_TYPE = YES_ERROR;
				GCC_WARN_UNDECLARED_SELECTOR = YES;
				GCC_WARN_UNINITIALIZED_AUTOS = YES_AGGRESSIVE;
				GCC_WARN_UNUSED_FUNCTION = YES;
				GCC_WARN_UNUSED_VARIABLE = YES;
				IPHONEOS_DEPLOYMENT_TARGET = 16.0;
				MTL_ENABLE_DEBUG_INFO = INCLUDE_SOURCE;
				MTL_FAST_MATH = YES;
				ONLY_ACTIVE_ARCH = YES;
				SDKROOT = iphoneos;
				SWIFT_ACTIVE_COMPILATION_CONDITIONS = DEBUG;
				SWIFT_OPTIMIZATION_LEVEL = "-Onone";
			};
			name = Debug;
		};
		6AF0810B2AAACC02007810B8 /* Release */ = {
			isa = XCBuildConfiguration;
			buildSettings = {
				ALWAYS_SEARCH_USER_PATHS = NO;
				CLANG_ANALYZER_NONNULL = YES;
				CLANG_ANALYZER_NUMBER_OBJECT_CONVERSION = YES_AGGRESSIVE;
				CLANG_CXX_LANGUAGE_STANDARD = "gnu++20";
				CLANG_ENABLE_MODULES = YES;
				CLANG_ENABLE_OBJC_ARC = YES;
				CLANG_ENABLE_OBJC_WEAK = YES;
				CLANG_WARN_BLOCK_CAPTURE_AUTORELEASING = YES;
				CLANG_WARN_BOOL_CONVERSION = YES;
				CLANG_WARN_COMMA = YES;
				CLANG_WARN_CONSTANT_CONVERSION = YES;
				CLANG_WARN_DEPRECATED_OBJC_IMPLEMENTATIONS = YES;
				CLANG_WARN_DIRECT_OBJC_ISA_USAGE = YES_ERROR;
				CLANG_WARN_DOCUMENTATION_COMMENTS = YES;
				CLANG_WARN_EMPTY_BODY = YES;
				CLANG_WARN_ENUM_CONVERSION = YES;
				CLANG_WARN_INFINITE_RECURSION = YES;
				CLANG_WARN_INT_CONVERSION = YES;
				CLANG_WARN_NON_LITERAL_NULL_CONVERSION = YES;
				CLANG_WARN_OBJC_IMPLICIT_RETAIN_SELF = YES;
				CLANG_WARN_OBJC_LITERAL_CONVERSION = YES;
				CLANG_WARN_OBJC_ROOT_CLASS = YES_ERROR;
				CLANG_WARN_QUOTED_INCLUDE_IN_FRAMEWORK_HEADER = YES;
				CLANG_WARN_RANGE_LOOP_ANALYSIS = YES;
				CLANG_WARN_STRICT_PROTOTYPES = YES;
				CLANG_WARN_SUSPICIOUS_MOVE = YES;
				CLANG_WARN_UNGUARDED_AVAILABILITY = YES_AGGRESSIVE;
				CLANG_WARN_UNREACHABLE_CODE = YES;
				CLANG_WARN__DUPLICATE_METHOD_MATCH = YES;
				COPY_PHASE_STRIP = NO;
				DEBUG_INFORMATION_FORMAT = "dwarf-with-dsym";
				ENABLE_NS_ASSERTIONS = NO;
				ENABLE_STRICT_OBJC_MSGSEND = YES;
				GCC_C_LANGUAGE_STANDARD = gnu11;
				GCC_NO_COMMON_BLOCKS = YES;
				GCC_WARN_64_TO_32_BIT_CONVERSION = YES;
				GCC_WARN_ABOUT_RETURN_TYPE = YES_ERROR;
				GCC_WARN_UNDECLARED_SELECTOR = YES;
				GCC_WARN_UNINITIALIZED_AUTOS = YES_AGGRESSIVE;
				GCC_WARN_UNUSED_FUNCTION = YES;
				GCC_WARN_UNUSED_VARIABLE = YES;
				IPHONEOS_DEPLOYMENT_TARGET = 16.0;
				MTL_ENABLE_DEBUG_INFO = NO;
				MTL_FAST_MATH = YES;
				SDKROOT = iphoneos;
				SWIFT_COMPILATION_MODE = wholemodule;
				SWIFT_OPTIMIZATION_LEVEL = "-O";
				VALIDATE_PRODUCT = YES;
			};
			name = Release;
		};
		6AF0810D2AAACC02007810B8 /* Debug */ = {
			isa = XCBuildConfiguration;
			buildSettings = {
				ASSETCATALOG_COMPILER_APPICON_NAME = AppIcon;
				ASSETCATALOG_COMPILER_GLOBAL_ACCENT_COLOR_NAME = AccentColor;
				CODE_SIGN_ENTITLEMENTS = DaiQiOS/DaiQiOS.entitlements;
				CODE_SIGN_STYLE = Automatic;
				CURRENT_PROJECT_VERSION = 1;
				DEVELOPMENT_ASSET_PATHS = "\"DaiQiOS/Preview Content\"";
				DEVELOPMENT_TEAM = X97X2JU2N3;
				ENABLE_PREVIEWS = YES;
				GENERATE_INFOPLIST_FILE = YES;
				INFOPLIST_FILE = DaiQiOS/Info.plist;
				INFOPLIST_KEY_UIApplicationSceneManifest_Generation = YES;
				INFOPLIST_KEY_UIApplicationSupportsIndirectInputEvents = YES;
				INFOPLIST_KEY_UILaunchScreen_Generation = YES;
				INFOPLIST_KEY_UISupportedInterfaceOrientations_iPad = "UIInterfaceOrientationPortrait UIInterfaceOrientationPortraitUpsideDown UIInterfaceOrientationLandscapeLeft UIInterfaceOrientationLandscapeRight";
				INFOPLIST_KEY_UISupportedInterfaceOrientations_iPhone = "UIInterfaceOrientationPortrait UIInterfaceOrientationLandscapeLeft UIInterfaceOrientationLandscapeRight";
				IPHONEOS_DEPLOYMENT_TARGET = 16.1;
				LD_RUNPATH_SEARCH_PATHS = (
					"$(inherited)",
					"@executable_path/Frameworks",
				);
				MARKETING_VERSION = 1.0;
				PRODUCT_BUNDLE_IDENTIFIER = com.vietxcode.DaiQiOS;
				PRODUCT_NAME = "$(TARGET_NAME)";
				SWIFT_EMIT_LOC_STRINGS = YES;
				SWIFT_VERSION = 5.0;
				TARGETED_DEVICE_FAMILY = "1,2";
			};
			name = Debug;
		};
		6AF0810E2AAACC02007810B8 /* Release */ = {
			isa = XCBuildConfiguration;
			buildSettings = {
				ASSETCATALOG_COMPILER_APPICON_NAME = AppIcon;
				ASSETCATALOG_COMPILER_GLOBAL_ACCENT_COLOR_NAME = AccentColor;
				CODE_SIGN_ENTITLEMENTS = DaiQiOS/DaiQiOS.entitlements;
				CODE_SIGN_STYLE = Automatic;
				CURRENT_PROJECT_VERSION = 1;
				DEVELOPMENT_ASSET_PATHS = "\"DaiQiOS/Preview Content\"";
				DEVELOPMENT_TEAM = X97X2JU2N3;
				ENABLE_PREVIEWS = YES;
				GENERATE_INFOPLIST_FILE = YES;
				INFOPLIST_FILE = DaiQiOS/Info.plist;
				INFOPLIST_KEY_UIApplicationSceneManifest_Generation = YES;
				INFOPLIST_KEY_UIApplicationSupportsIndirectInputEvents = YES;
				INFOPLIST_KEY_UILaunchScreen_Generation = YES;
				INFOPLIST_KEY_UISupportedInterfaceOrientations_iPad = "UIInterfaceOrientationPortrait UIInterfaceOrientationPortraitUpsideDown UIInterfaceOrientationLandscapeLeft UIInterfaceOrientationLandscapeRight";
				INFOPLIST_KEY_UISupportedInterfaceOrientations_iPhone = "UIInterfaceOrientationPortrait UIInterfaceOrientationLandscapeLeft UIInterfaceOrientationLandscapeRight";
				IPHONEOS_DEPLOYMENT_TARGET = 16.1;
				LD_RUNPATH_SEARCH_PATHS = (
					"$(inherited)",
					"@executable_path/Frameworks",
				);
				MARKETING_VERSION = 1.0;
				PRODUCT_BUNDLE_IDENTIFIER = com.vietxcode.DaiQiOS;
				PRODUCT_NAME = "$(TARGET_NAME)";
				SWIFT_EMIT_LOC_STRINGS = YES;
				SWIFT_VERSION = 5.0;
				TARGETED_DEVICE_FAMILY = "1,2";
			};
			name = Release;
		};
		6AF081102AAACC02007810B8 /* Debug */ = {
			isa = XCBuildConfiguration;
			buildSettings = {
				ALWAYS_EMBED_SWIFT_STANDARD_LIBRARIES = YES;
				BUNDLE_LOADER = "$(TEST_HOST)";
				CODE_SIGN_STYLE = Automatic;
				CURRENT_PROJECT_VERSION = 1;
				GENERATE_INFOPLIST_FILE = YES;
				IPHONEOS_DEPLOYMENT_TARGET = 16.4;
				MARKETING_VERSION = 1.0;
				PRODUCT_BUNDLE_IDENTIFIER = com.vietxcode.DaiQiOSTests;
				PRODUCT_NAME = "$(TARGET_NAME)";
				SWIFT_EMIT_LOC_STRINGS = NO;
				SWIFT_VERSION = 5.0;
				TARGETED_DEVICE_FAMILY = "1,2";
				TEST_HOST = "$(BUILT_PRODUCTS_DIR)/DaiQiOS.app/$(BUNDLE_EXECUTABLE_FOLDER_PATH)/DaiQiOS";
			};
			name = Debug;
		};
		6AF081112AAACC02007810B8 /* Release */ = {
			isa = XCBuildConfiguration;
			buildSettings = {
				ALWAYS_EMBED_SWIFT_STANDARD_LIBRARIES = YES;
				BUNDLE_LOADER = "$(TEST_HOST)";
				CODE_SIGN_STYLE = Automatic;
				CURRENT_PROJECT_VERSION = 1;
				GENERATE_INFOPLIST_FILE = YES;
				IPHONEOS_DEPLOYMENT_TARGET = 16.4;
				MARKETING_VERSION = 1.0;
				PRODUCT_BUNDLE_IDENTIFIER = com.vietxcode.DaiQiOSTests;
				PRODUCT_NAME = "$(TARGET_NAME)";
				SWIFT_EMIT_LOC_STRINGS = NO;
				SWIFT_VERSION = 5.0;
				TARGETED_DEVICE_FAMILY = "1,2";
				TEST_HOST = "$(BUILT_PRODUCTS_DIR)/DaiQiOS.app/$(BUNDLE_EXECUTABLE_FOLDER_PATH)/DaiQiOS";
			};
			name = Release;
		};
/* End XCBuildConfiguration section */

/* Begin XCConfigurationList section */
		6AF080E32AAACC00007810B8 /* Build configuration list for PBXProject "DaiQiOS" */ = {
			isa = XCConfigurationList;
			buildConfigurations = (
				6AF0810A2AAACC02007810B8 /* Debug */,
				6AF0810B2AAACC02007810B8 /* Release */,
			);
			defaultConfigurationIsVisible = 0;
			defaultConfigurationName = Release;
		};
		6AF0810C2AAACC02007810B8 /* Build configuration list for PBXNativeTarget "DaiQiOS" */ = {
			isa = XCConfigurationList;
			buildConfigurations = (
				6AF0810D2AAACC02007810B8 /* Debug */,
				6AF0810E2AAACC02007810B8 /* Release */,
			);
			defaultConfigurationIsVisible = 0;
			defaultConfigurationName = Release;
		};
		6AF0810F2AAACC02007810B8 /* Build configuration list for PBXNativeTarget "DaiQiOSTests" */ = {
			isa = XCConfigurationList;
			buildConfigurations = (
				6AF081102AAACC02007810B8 /* Debug */,
				6AF081112AAACC02007810B8 /* Release */,
			);
			defaultConfigurationIsVisible = 0;
			defaultConfigurationName = Release;
		};
/* End XCConfigurationList section */

/* Begin XCRemoteSwiftPackageReference section */
		6E4209E62AD1393F0047DFFE /* XCRemoteSwiftPackageReference "firebase-ios-sdk" */ = {
			isa = XCRemoteSwiftPackageReference;
			repositoryURL = "https://github.com/firebase/firebase-ios-sdk";
			requirement = {
				kind = exactVersion;
				version = 10.16.0;
			};
		};
		6E559BD52AD65626006A80D4 /* XCRemoteSwiftPackageReference "GoogleSignIn-iOS" */ = {
			isa = XCRemoteSwiftPackageReference;
			repositoryURL = "https://github.com/google/GoogleSignIn-iOS.git";
			requirement = {
				kind = upToNextMajorVersion;
				minimumVersion = 7.0.0;
			};
		};
/* End XCRemoteSwiftPackageReference section */

/* Begin XCSwiftPackageProductDependency section */
		6E4209E72AD1393F0047DFFE /* FirebaseAnalytics */ = {
			isa = XCSwiftPackageProductDependency;
			package = 6E4209E62AD1393F0047DFFE /* XCRemoteSwiftPackageReference "firebase-ios-sdk" */;
			productName = FirebaseAnalytics;
		};
		6E4209E92AD1393F0047DFFE /* FirebaseAnalyticsSwift */ = {
			isa = XCSwiftPackageProductDependency;
			package = 6E4209E62AD1393F0047DFFE /* XCRemoteSwiftPackageReference "firebase-ios-sdk" */;
			productName = FirebaseAnalyticsSwift;
		};
		6E4209EC2AD13F300047DFFE /* FirebaseAuth */ = {
			isa = XCSwiftPackageProductDependency;
			package = 6E4209E62AD1393F0047DFFE /* XCRemoteSwiftPackageReference "firebase-ios-sdk" */;
			productName = FirebaseAuth;
		};
		6E559BD62AD65626006A80D4 /* GoogleSignIn */ = {
			isa = XCSwiftPackageProductDependency;
			package = 6E559BD52AD65626006A80D4 /* XCRemoteSwiftPackageReference "GoogleSignIn-iOS" */;
			productName = GoogleSignIn;
		};
		6E559BD82AD65626006A80D4 /* GoogleSignInSwift */ = {
			isa = XCSwiftPackageProductDependency;
			package = 6E559BD52AD65626006A80D4 /* XCRemoteSwiftPackageReference "GoogleSignIn-iOS" */;
			productName = GoogleSignInSwift;
		};
/* End XCSwiftPackageProductDependency section */
	};
	rootObject = 6AF080E02AAACC00007810B8 /* Project object */;
}
